
Microsoft Visual Studio Solution File, Format Version 12.00
# Visual Studio Version 17
VisualStudioVersion = 17.13.35919.96 d17.13
MinimumVisualStudioVersion = 10.0.40219.1
Project("{FAE04EC0-301F-11D3-BF4B-00C04F79EFBC}") = "Patty_PyreHeartEffectEnabler_MOD", "Patty_PyreHeartEffectEnabler_MOD.csproj", "{33FCF1FC-7BA7-4793-B247-99C24C4566F6}"
EndProject
Global
	GlobalSection(SolutionConfigurationPlatforms) = preSolution
		Debug|Any CPU = Debug|Any CPU
		Release|Any CPU = Release|Any CPU
	EndGlobalSection
	GlobalSection(ProjectConfigurationPlatforms) = postSolution
		{33FCF1FC-7BA7-4793-B247-99C24C4566F6}.Debug|Any CPU.ActiveCfg = Debug|Any CPU
		{33FCF1FC-7BA7-4793-B247-99C24C4566F6}.Debug|Any CPU.Build.0 = Debug|Any CPU
		{33FCF1FC-7BA7-4793-B247-99C24C4566F6}.Release|Any CPU.ActiveCfg = Release|Any CPU
		{33FCF1FC-7BA7-4793-B247-99C24C4566F6}.Release|Any CPU.Build.0 = Release|Any CPU
	EndGlobalSection
	GlobalSection(SolutionProperties) = preSolution
		HideSolutionNode = FALSE
	EndGlobalSection
	GlobalSection(ExtensibilityGlobals) = postSolution
		SolutionGuid = {3D9929B7-6F71-41AD-A86A-3E1B2CF6B2F9}
	EndGlobalSection
EndGlobal
